
Microsoft Visual Studio Solution File, Format Version 12.00
# Visual Studio Version 17
VisualStudioVersion = 17.10.34928.147
MinimumVisualStudioVersion = 10.0.40219.1
Project("{FAE04EC0-301F-11D3-BF4B-00C04F79EFBC}") = "be-movie-booking", "be-movie-booking\be-movie-booking.csproj", "{62A35C7E-95A1-406C-949D-9B7278DBE219}"
EndProject
Global
	GlobalSection(SolutionConfigurationPlatforms) = preSolution
		Debug|Any CPU = Debug|Any CPU
		Release|Any CPU = Release|Any CPU
	EndGlobalSection
	GlobalSection(ProjectConfigurationPlatforms) = postSolution
		{62A35C7E-95A1-406C-949D-9B7278DBE219}.Debug|Any CPU.ActiveCfg = Debug|Any CPU
		{62A35C7E-95A1-406C-949D-9B7278DBE219}.Debug|Any CPU.Build.0 = Debug|Any CPU
		{62A35C7E-95A1-406C-949D-9B7278DBE219}.Release|Any CPU.ActiveCfg = Release|Any CPU
		{62A35C7E-95A1-406C-949D-9B7278DBE219}.Release|Any CPU.Build.0 = Release|Any CPU
	EndGlobalSection
	GlobalSection(SolutionProperties) = preSolution
		HideSolutionNode = FALSE
	EndGlobalSection
	GlobalSection(ExtensibilityGlobals) = postSolution
		SolutionGuid = {C9CA6B2A-3FB2-49AB-BA26-C1DD55FCFE81}
	EndGlobalSection
EndGlobal
